
Microsoft Visual Studio Solution File, Format Version 12.00
# Visual Studio 2017
Project("{FAE04EC0-301F-11D3-BF4B-00C04F79EFBC}") = "Drawing 3d lines", "Drawing 3d lines.csproj", "{7403BC08-F9E6-903D-68D7-1045B19A0F3B}"
EndProject
Global
	GlobalSection(SolutionConfigurationPlatforms) = preSolution
		Debug|Any CPU = Debug|Any CPU
		Release|Any CPU = Release|Any CPU
	EndGlobalSection
	GlobalSection(ProjectConfigurationPlatforms) = postSolution
		{7403BC08-F9E6-903D-68D7-1045B19A0F3B}.Debug|Any CPU.ActiveCfg = Debug|Any CPU
		{7403BC08-F9E6-903D-68D7-1045B19A0F3B}.Debug|Any CPU.Build.0 = Debug|Any CPU
		{7403BC08-F9E6-903D-68D7-1045B19A0F3B}.Release|Any CPU.ActiveCfg = Release|Any CPU
		{7403BC08-F9E6-903D-68D7-1045B19A0F3B}.Release|Any CPU.Build.0 = Release|Any CPU
	EndGlobalSection
	GlobalSection(SolutionProperties) = preSolution
		HideSolutionNode = FALSE
	EndGlobalSection
EndGlobal
